
Microsoft Visual Studio Solution File, Format Version 12.00
# Visual Studio Version 17
VisualStudioVersion = 17.13.35806.99
MinimumVisualStudioVersion = 10.0.40219.1
Project("{FAE04EC0-301F-11D3-BF4B-00C04F79EFBC}") = "SimpleCRM", "SimpleCRM.csproj", "{8B7184A4-2B8E-4BBD-B799-72613E76328D}"
EndProject
Project("{FAE04EC0-301F-11D3-BF4B-00C04F79EFBC}") = "Frontend", "CRMFrontend\Frontend\Frontend.csproj", "{BC8DF2EE-0F2D-45C4-A324-762F95F5CBA9}"
EndProject
Global
	GlobalSection(SolutionConfigurationPlatforms) = preSolution
		Debug|Any CPU = Debug|Any CPU
		Release|Any CPU = Release|Any CPU
	EndGlobalSection
	GlobalSection(ProjectConfigurationPlatforms) = postSolution
		{8B7184A4-2B8E-4BBD-B799-72613E76328D}.Debug|Any CPU.ActiveCfg = Debug|Any CPU
		{8B7184A4-2B8E-4BBD-B799-72613E76328D}.Debug|Any CPU.Build.0 = Debug|Any CPU
		{8B7184A4-2B8E-4BBD-B799-72613E76328D}.Release|Any CPU.ActiveCfg = Release|Any CPU
		{8B7184A4-2B8E-4BBD-B799-72613E76328D}.Release|Any CPU.Build.0 = Release|Any CPU
		{BC8DF2EE-0F2D-45C4-A324-762F95F5CBA9}.Debug|Any CPU.ActiveCfg = Debug|Any CPU
		{BC8DF2EE-0F2D-45C4-A324-762F95F5CBA9}.Debug|Any CPU.Build.0 = Debug|Any CPU
		{BC8DF2EE-0F2D-45C4-A324-762F95F5CBA9}.Release|Any CPU.ActiveCfg = Release|Any CPU
		{BC8DF2EE-0F2D-45C4-A324-762F95F5CBA9}.Release|Any CPU.Build.0 = Release|Any CPU
	EndGlobalSection
	GlobalSection(SolutionProperties) = preSolution
		HideSolutionNode = FALSE
	EndGlobalSection
	GlobalSection(ExtensibilityGlobals) = postSolution
		SolutionGuid = {2E2479AC-5EA0-466D-8724-6BAAE5892803}
	EndGlobalSection
EndGlobal
